
Microsoft Visual Studio Solution File, Format Version 12.00
# Visual Studio 14
VisualStudioVersion = 14.0.25420.1
MinimumVisualStudioVersion = 10.0.40219.1
Project("{FAE04EC0-301F-11D3-BF4B-00C04F79EFBC}") = "SeleniumDemo", "SeleniumDemo\SeleniumDemo.csproj", "{4FA3E61B-97B2-4C14-B857-4ABCAC313C85}"
EndProject
Project("{FAE04EC0-301F-11D3-BF4B-00C04F79EFBC}") = "SeleniumDemo.Tests", "SeleniumDemo.Tests\SeleniumDemo.Tests.csproj", "{35737367-BACE-4D0F-ABBA-8F51140B3981}"
EndProject
Global
	GlobalSection(SolutionConfigurationPlatforms) = preSolution
		Debug|Any CPU = Debug|Any CPU
		Release|Any CPU = Release|Any CPU
	EndGlobalSection
	GlobalSection(ProjectConfigurationPlatforms) = postSolution
		{4FA3E61B-97B2-4C14-B857-4ABCAC313C85}.Debug|Any CPU.ActiveCfg = Debug|Any CPU
		{4FA3E61B-97B2-4C14-B857-4ABCAC313C85}.Debug|Any CPU.Build.0 = Debug|Any CPU
		{4FA3E61B-97B2-4C14-B857-4ABCAC313C85}.Release|Any CPU.ActiveCfg = Release|Any CPU
		{4FA3E61B-97B2-4C14-B857-4ABCAC313C85}.Release|Any CPU.Build.0 = Release|Any CPU
		{35737367-BACE-4D0F-ABBA-8F51140B3981}.Debug|Any CPU.ActiveCfg = Debug|Any CPU
		{35737367-BACE-4D0F-ABBA-8F51140B3981}.Debug|Any CPU.Build.0 = Debug|Any CPU
		{35737367-BACE-4D0F-ABBA-8F51140B3981}.Release|Any CPU.ActiveCfg = Release|Any CPU
		{35737367-BACE-4D0F-ABBA-8F51140B3981}.Release|Any CPU.Build.0 = Release|Any CPU
	EndGlobalSection
	GlobalSection(SolutionProperties) = preSolution
		HideSolutionNode = FALSE
	EndGlobalSection
EndGlobal
